
Microsoft Visual Studio Solution File, Format Version 12.00
# Visual Studio Version 16
VisualStudioVersion = 16.0.31911.196
MinimumVisualStudioVersion = 10.0.40219.1
Project("{FAE04EC0-301F-11D3-BF4B-00C04F79EFBC}") = "task_4.1.18", "task_4.1.18.csproj", "{BE16BC7D-A9A1-4FA2-986C-E0C7B408A84D}"
EndProject
Global
	GlobalSection(SolutionConfigurationPlatforms) = preSolution
		Debug|Any CPU = Debug|Any CPU
		Release|Any CPU = Release|Any CPU
	EndGlobalSection
	GlobalSection(ProjectConfigurationPlatforms) = postSolution
		{BE16BC7D-A9A1-4FA2-986C-E0C7B408A84D}.Debug|Any CPU.ActiveCfg = Debug|Any CPU
		{BE16BC7D-A9A1-4FA2-986C-E0C7B408A84D}.Debug|Any CPU.Build.0 = Debug|Any CPU
		{BE16BC7D-A9A1-4FA2-986C-E0C7B408A84D}.Release|Any CPU.ActiveCfg = Release|Any CPU
		{BE16BC7D-A9A1-4FA2-986C-E0C7B408A84D}.Release|Any CPU.Build.0 = Release|Any CPU
	EndGlobalSection
	GlobalSection(SolutionProperties) = preSolution
		HideSolutionNode = FALSE
	EndGlobalSection
	GlobalSection(ExtensibilityGlobals) = postSolution
		SolutionGuid = {9AFD2975-6F8F-48A3-974D-B2BACC29E7AF}
	EndGlobalSection
EndGlobal
